
Microsoft Visual Studio Solution File, Format Version 12.00
# Visual Studio 15
VisualStudioVersion = 15.0.26430.4
MinimumVisualStudioVersion = 10.0.40219.1
Project("{FAE04EC0-301F-11D3-BF4B-00C04F79EFBC}") = "eLibrary", "eLibrary\eLibrary.csproj", "{2D402CD3-A43A-47D4-914B-D14A18C0006A}"
EndProject
Project("{FAE04EC0-301F-11D3-BF4B-00C04F79EFBC}") = "eLibrary.Api", "eLibrary.Api\eLibrary.Api.csproj", "{75379D02-F069-44B9-9052-72114A7C8388}"
EndProject
Global
	GlobalSection(SubversionScc) = preSolution
		Svn-Managed = True
		Manager = AnkhSVN - Subversion Support for Visual Studio
	EndGlobalSection
	GlobalSection(SolutionConfigurationPlatforms) = preSolution
		Debug|Any CPU = Debug|Any CPU
		Release|Any CPU = Release|Any CPU
	EndGlobalSection
	GlobalSection(ProjectConfigurationPlatforms) = postSolution
		{2D402CD3-A43A-47D4-914B-D14A18C0006A}.Debug|Any CPU.ActiveCfg = Debug|Any CPU
		{2D402CD3-A43A-47D4-914B-D14A18C0006A}.Debug|Any CPU.Build.0 = Debug|Any CPU
		{2D402CD3-A43A-47D4-914B-D14A18C0006A}.Release|Any CPU.ActiveCfg = Release|Any CPU
		{2D402CD3-A43A-47D4-914B-D14A18C0006A}.Release|Any CPU.Build.0 = Release|Any CPU
		{75379D02-F069-44B9-9052-72114A7C8388}.Debug|Any CPU.ActiveCfg = Debug|Any CPU
		{75379D02-F069-44B9-9052-72114A7C8388}.Debug|Any CPU.Build.0 = Debug|Any CPU
		{75379D02-F069-44B9-9052-72114A7C8388}.Release|Any CPU.ActiveCfg = Release|Any CPU
		{75379D02-F069-44B9-9052-72114A7C8388}.Release|Any CPU.Build.0 = Release|Any CPU
	EndGlobalSection
	GlobalSection(SolutionProperties) = preSolution
		HideSolutionNode = FALSE
	EndGlobalSection
EndGlobal
